{
  "name": "new-chatbot-cli",
  "version": "1.0.0",
  "lockfileVersion": 3,
  "requires": true,
  "packages": {
    "": {
      "name": "new-chatbot-cli",
      "version": "1.0.0",
      "license": "ISC",
      "dependencies": {
        "my-new-chatbot-module": "^1.0.0"
      }
    },
    "node_modules/my-new-chatbot-module": {
      "version": "1.0.0",
      "resolved": "https://registry.npmjs.org/my-new-chatbot-module/-/my-new-chatbot-module-1.0.0.tgz",
      "integrity": "sha512-ZL3y43llwf3lqLgYmCCFHrx0EesZViCL4Hq9mvWD2S2Mm32jl2+fUPlLD8uJb+ISGYxwHLXNBbq7HuJlmhH2hA=="
    }
  }
}
